
Microsoft Visual Studio Solution File, Format Version 12.00
# Visual Studio Version 16
VisualStudioVersion = 16.0.31005.135
MinimumVisualStudioVersion = 10.0.40219.1
Project("{2150E333-8FDC-42A3-9474-1A3956D46DE8}") = "Services", "Services", "{B9FE928F-B59F-436D-8DB7-31BD75934A66}"
EndProject
Project("{2150E333-8FDC-42A3-9474-1A3956D46DE8}") = "Catalog", "Catalog", "{15B8CA86-FFE9-41F7-A4A4-0055CFB0F6D6}"
EndProject
Project("{9A19103F-16F7-4668-BE54-9A1E7A4F7556}") = "Catalog.Api", "Services\Catalog\Catalog.Api\Catalog.Api.csproj", "{E529AE3E-C3C8-4E6B-A396-EFBFA2DD616F}"
EndProject
Project("{E53339B2-1760-4266-BCC7-CA923CBCF16C}") = "docker-compose", "docker-compose.dcproj", "{3A5D5D01-139D-483F-B3FF-36F7B51F7EC3}"
EndProject
Project("{2150E333-8FDC-42A3-9474-1A3956D46DE8}") = "Basket", "Basket", "{B0B555CB-BE32-4BD6-AF11-0D99BB433381}"
EndProject
Project("{FAE04EC0-301F-11D3-BF4B-00C04F79EFBC}") = "Basket.Api", "Services\Basket\Basket.Api\Basket.Api.csproj", "{50E5E747-E561-4918-9B9C-082E8ACFDF77}"
EndProject
Global
	GlobalSection(SolutionConfigurationPlatforms) = preSolution
		Debug|Any CPU = Debug|Any CPU
		Release|Any CPU = Release|Any CPU
	EndGlobalSection
	GlobalSection(ProjectConfigurationPlatforms) = postSolution
		{E529AE3E-C3C8-4E6B-A396-EFBFA2DD616F}.Debug|Any CPU.ActiveCfg = Debug|Any CPU
		{E529AE3E-C3C8-4E6B-A396-EFBFA2DD616F}.Debug|Any CPU.Build.0 = Debug|Any CPU
		{E529AE3E-C3C8-4E6B-A396-EFBFA2DD616F}.Release|Any CPU.ActiveCfg = Release|Any CPU
		{E529AE3E-C3C8-4E6B-A396-EFBFA2DD616F}.Release|Any CPU.Build.0 = Release|Any CPU
		{3A5D5D01-139D-483F-B3FF-36F7B51F7EC3}.Debug|Any CPU.ActiveCfg = Debug|Any CPU
		{3A5D5D01-139D-483F-B3FF-36F7B51F7EC3}.Debug|Any CPU.Build.0 = Debug|Any CPU
		{3A5D5D01-139D-483F-B3FF-36F7B51F7EC3}.Release|Any CPU.ActiveCfg = Release|Any CPU
		{3A5D5D01-139D-483F-B3FF-36F7B51F7EC3}.Release|Any CPU.Build.0 = Release|Any CPU
		{50E5E747-E561-4918-9B9C-082E8ACFDF77}.Debug|Any CPU.ActiveCfg = Debug|Any CPU
		{50E5E747-E561-4918-9B9C-082E8ACFDF77}.Debug|Any CPU.Build.0 = Debug|Any CPU
		{50E5E747-E561-4918-9B9C-082E8ACFDF77}.Release|Any CPU.ActiveCfg = Release|Any CPU
		{50E5E747-E561-4918-9B9C-082E8ACFDF77}.Release|Any CPU.Build.0 = Release|Any CPU
	EndGlobalSection
	GlobalSection(SolutionProperties) = preSolution
		HideSolutionNode = FALSE
	EndGlobalSection
	GlobalSection(NestedProjects) = preSolution
		{15B8CA86-FFE9-41F7-A4A4-0055CFB0F6D6} = {B9FE928F-B59F-436D-8DB7-31BD75934A66}
		{E529AE3E-C3C8-4E6B-A396-EFBFA2DD616F} = {15B8CA86-FFE9-41F7-A4A4-0055CFB0F6D6}
		{B0B555CB-BE32-4BD6-AF11-0D99BB433381} = {B9FE928F-B59F-436D-8DB7-31BD75934A66}
		{50E5E747-E561-4918-9B9C-082E8ACFDF77} = {B0B555CB-BE32-4BD6-AF11-0D99BB433381}
	EndGlobalSection
	GlobalSection(ExtensibilityGlobals) = postSolution
		SolutionGuid = {0DA56D2E-947B-467D-8617-D7227C9DBEEA}
	EndGlobalSection
EndGlobal
